
Microsoft Visual Studio Solution File, Format Version 12.00
# Visual Studio 15
VisualStudioVersion = 15.0.28307.902
MinimumVisualStudioVersion = 10.0.40219.1
Project("{FAE04EC0-301F-11D3-BF4B-00C04F79EFBC}") = "Labweek18- Build and Config", "Labweek18- Build and Config\Labweek18- Build and Config.csproj", "{16104358-F28F-442D-BEC1-6A35D3953B6B}"
EndProject
Global
	GlobalSection(SolutionConfigurationPlatforms) = preSolution
		Debug|Any CPU = Debug|Any CPU
		Release|Any CPU = Release|Any CPU
	EndGlobalSection
	GlobalSection(ProjectConfigurationPlatforms) = postSolution
		{16104358-F28F-442D-BEC1-6A35D3953B6B}.Debug|Any CPU.ActiveCfg = Debug|Any CPU
		{16104358-F28F-442D-BEC1-6A35D3953B6B}.Debug|Any CPU.Build.0 = Debug|Any CPU
		{16104358-F28F-442D-BEC1-6A35D3953B6B}.Release|Any CPU.ActiveCfg = Release|Any CPU
		{16104358-F28F-442D-BEC1-6A35D3953B6B}.Release|Any CPU.Build.0 = Release|Any CPU
	EndGlobalSection
	GlobalSection(SolutionProperties) = preSolution
		HideSolutionNode = FALSE
	EndGlobalSection
	GlobalSection(ExtensibilityGlobals) = postSolution
		SolutionGuid = {488E0192-B4C1-4722-9503-90B40250BCFF}
	EndGlobalSection
EndGlobal
